{
  "name": "solar-system",
  "version": "1.0.0",
  "lockfileVersion": 3,
  "requires": true,
  "packages": {
    "": {
      "name": "solar-system",
      "version": "1.0.0",
      "license": "ISC",
      "dependencies": {
        "gui": "^0.14.1",
        "three": "^0.158.0"
      }
    },
    "node_modules/download-yue": {
      "version": "2.1.0",
      "resolved": "https://registry.npmjs.org/download-yue/-/download-yue-2.1.0.tgz",
      "integrity": "sha512-ECsv6WVYCBCFrCnBcpHTCgFsRM/h7C/AtrzXuTc8+xaW5lXj+Jw6c5S7Eq/ncix41h05JerSxan5p7p80H35qQ==",
      "bin": {
        "download-yue": "download-yue.js"
      }
    },
    "node_modules/gui": {
      "version": "0.14.1",
      "resolved": "https://registry.npmjs.org/gui/-/gui-0.14.1.tgz",
      "integrity": "sha512-Oof35j0Lww2UxR/AtkbhwJGDPWcfkgBv6dWWQRQqJLi2ZS5YbSI4YHgiFLh2689LpzMvF33sEL9522QPpRChkw==",
      "hasInstallScript": true,
      "dependencies": {
        "download-yue": "2.1.x"
      }
    },
    "node_modules/three": {
      "version": "0.158.0",
      "resolved": "https://registry.npmjs.org/three/-/three-0.158.0.tgz",
      "integrity": "sha512-TALj4EOpdDPF1henk2Q+s17K61uEAAWQ7TJB68nr7FKxqwyDr3msOt5IWdbGm4TaWKjrtWS8DJJWe9JnvsWOhQ=="
    }
  }
}
